
Microsoft Visual Studio Solution File, Format Version 12.00
# Visual Studio Version 16
VisualStudioVersion = 16.0.30028.174
MinimumVisualStudioVersion = 10.0.40219.1
Project("{2150E333-8FDC-42A3-9474-1A3956D46DE8}") = "src", "src", "{85F217A4-C650-440C-BB49-727BAB048DA9}"
EndProject
Project("{2150E333-8FDC-42A3-9474-1A3956D46DE8}") = "test", "test", "{8EA35596-3A1F-4894-A132-3837D4E82BBE}"
EndProject
Project("{9A19103F-16F7-4668-BE54-9A1E7A4F7556}") = "mercuryiot.functions", "src\mercuryiot.functionapp\mercuryiot.functions.csproj", "{846DD945-1F46-41E3-9B25-E1211D57115A}"
EndProject
Global
	GlobalSection(SolutionConfigurationPlatforms) = preSolution
		Debug|Any CPU = Debug|Any CPU
		Release|Any CPU = Release|Any CPU
	EndGlobalSection
	GlobalSection(ProjectConfigurationPlatforms) = postSolution
		{846DD945-1F46-41E3-9B25-E1211D57115A}.Debug|Any CPU.ActiveCfg = Debug|Any CPU
		{846DD945-1F46-41E3-9B25-E1211D57115A}.Debug|Any CPU.Build.0 = Debug|Any CPU
		{846DD945-1F46-41E3-9B25-E1211D57115A}.Release|Any CPU.ActiveCfg = Release|Any CPU
		{846DD945-1F46-41E3-9B25-E1211D57115A}.Release|Any CPU.Build.0 = Release|Any CPU
	EndGlobalSection
	GlobalSection(SolutionProperties) = preSolution
		HideSolutionNode = FALSE
	EndGlobalSection
	GlobalSection(NestedProjects) = preSolution
		{846DD945-1F46-41E3-9B25-E1211D57115A} = {85F217A4-C650-440C-BB49-727BAB048DA9}
	EndGlobalSection
	GlobalSection(ExtensibilityGlobals) = postSolution
		SolutionGuid = {FCBA4087-A650-4FEA-ACC5-29BF60A2D62D}
	EndGlobalSection
EndGlobal
